
Microsoft Visual Studio Solution File, Format Version 12.00
# Visual Studio 15
Project("{FAE04EC0-301F-11D3-BF4B-00C04F79EFBC}") = "Assembly-CSharp", "Assembly-CSharp.csproj", "{C61559AE-D462-5883-7810-CE184B2BBAAC}"
EndProject
Global
	GlobalSection(SolutionConfigurationPlatforms) = preSolution
		Debug|Any CPU = Debug|Any CPU
		Release|Any CPU = Release|Any CPU
	EndGlobalSection
	GlobalSection(ProjectConfigurationPlatforms) = postSolution
		{C61559AE-D462-5883-7810-CE184B2BBAAC}.Debug|Any CPU.ActiveCfg = Debug|Any CPU
		{C61559AE-D462-5883-7810-CE184B2BBAAC}.Debug|Any CPU.Build.0 = Debug|Any CPU
		{C61559AE-D462-5883-7810-CE184B2BBAAC}.Release|Any CPU.ActiveCfg = Release|Any CPU
		{C61559AE-D462-5883-7810-CE184B2BBAAC}.Release|Any CPU.Build.0 = Release|Any CPU
	EndGlobalSection
	GlobalSection(SolutionProperties) = preSolution
		HideSolutionNode = FALSE
	EndGlobalSection
EndGlobal
